
Microsoft Visual Studio Solution File, Format Version 12.00
# Visual Studio 15
VisualStudioVersion = 15.0.28307.168
MinimumVisualStudioVersion = 10.0.40219.1
Project("{FAE04EC0-301F-11D3-BF4B-00C04F79EFBC}") = "KillMyCPU.App", "KillMyCPU.App\KillMyCPU.App.csproj", "{DFA75B57-CEBE-48F5-AD85-82B0870D4B5F}"
EndProject
Global
	GlobalSection(SolutionConfigurationPlatforms) = preSolution
		Debug|Any CPU = Debug|Any CPU
		Release|Any CPU = Release|Any CPU
	EndGlobalSection
	GlobalSection(ProjectConfigurationPlatforms) = postSolution
		{DFA75B57-CEBE-48F5-AD85-82B0870D4B5F}.Debug|Any CPU.ActiveCfg = Debug|Any CPU
		{DFA75B57-CEBE-48F5-AD85-82B0870D4B5F}.Debug|Any CPU.Build.0 = Debug|Any CPU
		{DFA75B57-CEBE-48F5-AD85-82B0870D4B5F}.Release|Any CPU.ActiveCfg = Release|Any CPU
		{DFA75B57-CEBE-48F5-AD85-82B0870D4B5F}.Release|Any CPU.Build.0 = Release|Any CPU
	EndGlobalSection
	GlobalSection(SolutionProperties) = preSolution
		HideSolutionNode = FALSE
	EndGlobalSection
	GlobalSection(ExtensibilityGlobals) = postSolution
		SolutionGuid = {6057ED1A-4F82-4FCC-B867-1EAFF5258F86}
	EndGlobalSection
EndGlobal
